<?xml version="1.0"?>
<Project ToolsVersion="4.0" xmlns="http://schemas.microsoft.com/developer/msbuild/2003">
	<ItemGroup>
		<ClCompile Include="src\testApp.cpp">
			<Filter>src</Filter>
		</ClCompile>
		<ClCompile Include="src\main.cpp">
			<Filter>src</Filter>
		</ClCompile>
		<ClCompile Include="src\addons\ofAddon.cpp">
			<Filter>src\addons</Filter>
		</ClCompile>
		<ClCompile Include="src\projects\baseProject.cpp">
			<Filter>src\projects</Filter>
		</ClCompile>
		<ClCompile Include="src\projects\CBLinuxProject.cpp">
			<Filter>src\projects</Filter>
		</ClCompile>
		<ClCompile Include="src\projects\CBWinProject.cpp">
			<Filter>src\projects</Filter>
		</ClCompile>
		<ClCompile Include="src\projects\visualStudioProject.cpp">
			<Filter>src\projects</Filter>
		</ClCompile>
		<ClCompile Include="src\projects\xcodeProject.cpp">
			<Filter>src\projects</Filter>
		</ClCompile>
		<ClCompile Include="src\pugixmlLib\Jamfile.jam">
			<Filter>src\pugixmlLib</Filter>
		</ClCompile>
		<ClCompile Include="src\pugixmlLib\Jamrules.jam">
			<Filter>src\pugixmlLib</Filter>
		</ClCompile>
		<ClCompile Include="src\pugixmlLib\readme.txt">
			<Filter>src\pugixmlLib</Filter>
		</ClCompile>
		<ClCompile Include="src\pugixmlLib\scripts\CMakeLists.txt">
			<Filter>src\pugixmlLib\scripts</Filter>
		</ClCompile>
		<ClCompile Include="src\pugixmlLib\scripts\premake4.lua">
			<Filter>src\pugixmlLib\scripts</Filter>
		</ClCompile>
		<ClCompile Include="src\pugixmlLib\scripts\pugixml.xcodeproj\project.pbxproj">
			<Filter>src\pugixmlLib\scripts\pugixml.xcodeproj</Filter>
		</ClCompile>
		<ClCompile Include="src\pugixmlLib\scripts\pugixml.xcodeproj\project.xcworkspace\contents.xcworkspacedata">
			<Filter>src\pugixmlLib\scripts\pugixml.xcodeproj\project.xcworkspace</Filter>
		</ClCompile>
		<ClCompile Include="src\pugixmlLib\scripts\pugixml.xcodeproj\project.xcworkspace\xcuserdata\molmol.xcuserdatad\UserInterfaceState.xcuserstate">
			<Filter>src\pugixmlLib\scripts\pugixml.xcodeproj\project.xcworkspace\xcuserdata\molmol.xcuserdatad</Filter>
		</ClCompile>
		<ClCompile Include="src\pugixmlLib\scripts\pugixml.xcodeproj\project.xcworkspace\xcuserdata\molmol.xcuserdatad\WorkspaceSettings.xcsettings">
			<Filter>src\pugixmlLib\scripts\pugixml.xcodeproj\project.xcworkspace\xcuserdata\molmol.xcuserdatad</Filter>
		</ClCompile>
		<ClCompile Include="src\pugixmlLib\scripts\pugixml.xcodeproj\xcuserdata\molmol.xcuserdatad\xcschemes\pugixml.xcscheme">
			<Filter>src\pugixmlLib\scripts\pugixml.xcodeproj\xcuserdata\molmol.xcuserdatad\xcschemes</Filter>
		</ClCompile>
		<ClCompile Include="src\pugixmlLib\scripts\pugixml.xcodeproj\xcuserdata\molmol.xcuserdatad\xcschemes\xcschememanagement.plist">
			<Filter>src\pugixmlLib\scripts\pugixml.xcodeproj\xcuserdata\molmol.xcuserdatad\xcschemes</Filter>
		</ClCompile>
		<ClCompile Include="src\pugixmlLib\scripts\pugixml_codeblocks.cbp">
			<Filter>src\pugixmlLib\scripts</Filter>
		</ClCompile>
		<ClCompile Include="src\pugixmlLib\scripts\pugixml_codelite.project">
			<Filter>src\pugixmlLib\scripts</Filter>
		</ClCompile>
		<ClCompile Include="src\pugixmlLib\scripts\pugixml_vs.vcxproj">
			<Filter>src\pugixmlLib\scripts</Filter>
		</ClCompile>
		<ClCompile Include="src\pugixmlLib\scripts\pugixml_vs_static.vcxproj">
			<Filter>src\pugixmlLib\scripts</Filter>
		</ClCompile>
		<ClCompile Include="src\pugixmlLib\src\pugixml.cpp">
			<Filter>src\pugixmlLib\src</Filter>
		</ClCompile>
		<ClCompile Include="src\utils\Utils.cpp">
			<Filter>src\utils</Filter>
		</ClCompile>
		<ClCompile Include="..\..\..\addons\ofxGui\src\ofxBaseGui.cpp">
			<Filter>addons\ofxGui\src</Filter>
		</ClCompile>
		<ClCompile Include="..\..\..\addons\ofxGui\src\ofxButton.cpp">
			<Filter>addons\ofxGui\src</Filter>
		</ClCompile>
		<ClCompile Include="..\..\..\addons\ofxGui\src\ofxGuiGroup.cpp">
			<Filter>addons\ofxGui\src</Filter>
		</ClCompile>
		<ClCompile Include="..\..\..\addons\ofxGui\src\ofxLabel.cpp">
			<Filter>addons\ofxGui\src</Filter>
		</ClCompile>
		<ClCompile Include="..\..\..\addons\ofxGui\src\ofxPanel.cpp">
			<Filter>addons\ofxGui\src</Filter>
		</ClCompile>
		<ClCompile Include="..\..\..\addons\ofxGui\src\ofxSlider.cpp">
			<Filter>addons\ofxGui\src</Filter>
		</ClCompile>
		<ClCompile Include="..\..\..\addons\ofxGui\src\ofxSliderGroup.cpp">
			<Filter>addons\ofxGui\src</Filter>
		</ClCompile>
		<ClCompile Include="..\..\..\addons\ofxGui\src\ofxToggle.cpp">
			<Filter>addons\ofxGui\src</Filter>
		</ClCompile>
		<ClCompile Include="..\..\..\addons\ofxXmlSettings\src\ofxXmlSettings.cpp">
			<Filter>addons\ofxXmlSettings\src</Filter>
		</ClCompile>
		<ClCompile Include="..\..\..\addons\ofxXmlSettings\libs\tinyxml.cpp">
			<Filter>addons\ofxXmlSettings\libs</Filter>
		</ClCompile>
		<ClCompile Include="..\..\..\addons\ofxXmlSettings\libs\tinyxmlerror.cpp">
			<Filter>addons\ofxXmlSettings\libs</Filter>
		</ClCompile>
		<ClCompile Include="..\..\..\addons\ofxXmlSettings\libs\tinyxmlparser.cpp">
			<Filter>addons\ofxXmlSettings\libs</Filter>
		</ClCompile>
	</ItemGroup>
	<ItemGroup>
		<Filter Include="src">
			<UniqueIdentifier>{d8376475-7454-4a24-b08a-aac121d3ad6f}</UniqueIdentifier>
		</Filter>
		<Filter Include="src\addons">
			<UniqueIdentifier>{b6c0d928-343f-57fd-eefb-0bb4}</UniqueIdentifier>
		</Filter>
		<Filter Include="src\projects">
			<UniqueIdentifier>{fb1e18f7-62a2-a244-e17a-5914}</UniqueIdentifier>
		</Filter>
		<Filter Include="src\pugixmlLib">
			<UniqueIdentifier>{e0aae880-d93f-752c-66c5-7c67}</UniqueIdentifier>
		</Filter>
		<Filter Include="src\pugixmlLib\contrib">
			<UniqueIdentifier>{efc234d6-70a8-add4-184e-1800}</UniqueIdentifier>
		</Filter>
		<Filter Include="src\pugixmlLib\scripts">
			<UniqueIdentifier>{6ebb2e0d-c16b-6509-9706-5790}</UniqueIdentifier>
		</Filter>
		<Filter Include="src\pugixmlLib\scripts\pugixml.xcodeproj">
			<UniqueIdentifier>{321e56da-f360-7db4-3836-7038}</UniqueIdentifier>
		</Filter>
		<Filter Include="src\pugixmlLib\scripts\pugixml.xcodeproj\project.xcworkspace">
			<UniqueIdentifier>{52edcefb-1ecc-db44-e140-c365}</UniqueIdentifier>
		</Filter>
		<Filter Include="src\pugixmlLib\scripts\pugixml.xcodeproj\project.xcworkspace\xcuserdata">
			<UniqueIdentifier>{0a5f7840-b3b3-4d85-3fbe-4efe}</UniqueIdentifier>
		</Filter>
		<Filter Include="src\pugixmlLib\scripts\pugixml.xcodeproj\project.xcworkspace\xcuserdata\molmol.xcuserdatad">
			<UniqueIdentifier>{2c6c856f-62b7-7a9e-a90b-7906}</UniqueIdentifier>
		</Filter>
		<Filter Include="src\pugixmlLib\scripts\pugixml.xcodeproj\xcuserdata">
			<UniqueIdentifier>{a47ed9b0-68c5-14d3-8a97-c632}</UniqueIdentifier>
		</Filter>
		<Filter Include="src\pugixmlLib\scripts\pugixml.xcodeproj\xcuserdata\molmol.xcuserdatad">
			<UniqueIdentifier>{24e82beb-1d74-2c7e-0685-2dd6}</UniqueIdentifier>
		</Filter>
		<Filter Include="src\pugixmlLib\scripts\pugixml.xcodeproj\xcuserdata\molmol.xcuserdatad\xcschemes">
			<UniqueIdentifier>{3917b5e6-16b3-9e08-3994-8639}</UniqueIdentifier>
		</Filter>
		<Filter Include="src\pugixmlLib\src">
			<UniqueIdentifier>{720c0c49-8380-7ac4-1cee-925e}</UniqueIdentifier>
		</Filter>
		<Filter Include="src\utils">
			<UniqueIdentifier>{ff53b027-68b2-4010-4ab2-068a}</UniqueIdentifier>
		</Filter>
		<Filter Include="addons">
			<UniqueIdentifier>{71834f65-f3a9-211e-73b8-dc85}</UniqueIdentifier>
		</Filter>
		<Filter Include="addons\ofxGui">
			<UniqueIdentifier>{4f2a59af-5f4e-704b-d067-ec13}</UniqueIdentifier>
		</Filter>
		<Filter Include="addons\ofxGui\src">
			<UniqueIdentifier>{645e9533-4dcd-6179-1cdf-cb65}</UniqueIdentifier>
		</Filter>
		<Filter Include="addons\ofxXmlSettings">
			<UniqueIdentifier>{877f005d-13e6-0592-1d97-f2e3}</UniqueIdentifier>
		</Filter>
		<Filter Include="addons\ofxXmlSettings\src">
			<UniqueIdentifier>{ccb2ac63-49d2-977c-cfe8-aead}</UniqueIdentifier>
		</Filter>
		<Filter Include="addons\ofxXmlSettings\libs">
			<UniqueIdentifier>{687714a8-1662-fa1c-261f-50f0}</UniqueIdentifier>
		</Filter>
	</ItemGroup>
	<ItemGroup>
		<ClInclude Include="src\testApp.h">
			<Filter>src</Filter>
		</ClInclude>
		<ClInclude Include="src\addons\ofAddon.h">
			<Filter>src\addons</Filter>
		</ClInclude>
		<ClInclude Include="src\projects\baseProject.h">
			<Filter>src\projects</Filter>
		</ClInclude>
		<ClInclude Include="src\projects\CBLinuxProject.h">
			<Filter>src\projects</Filter>
		</ClInclude>
		<ClInclude Include="src\projects\CBWinProject.h">
			<Filter>src\projects</Filter>
		</ClInclude>
		<ClInclude Include="src\projects\visualStudioProject.h">
			<Filter>src\projects</Filter>
		</ClInclude>
		<ClInclude Include="src\projects\xcodeProject.h">
			<Filter>src\projects</Filter>
		</ClInclude>
		<ClInclude Include="src\pugixmlLib\contrib\foreach.hpp">
			<Filter>src\pugixmlLib\contrib</Filter>
		</ClInclude>
		<ClInclude Include="src\pugixmlLib\src\pugiconfig.hpp">
			<Filter>src\pugixmlLib\src</Filter>
		</ClInclude>
		<ClInclude Include="src\pugixmlLib\src\pugixml.hpp">
			<Filter>src\pugixmlLib\src</Filter>
		</ClInclude>
		<ClInclude Include="src\utils\Utils.h">
			<Filter>src\utils</Filter>
		</ClInclude>
		<ClInclude Include="..\..\..\addons\ofxGui\src\ofxBaseGui.h">
			<Filter>addons\ofxGui\src</Filter>
		</ClInclude>
		<ClInclude Include="..\..\..\addons\ofxGui\src\ofxButton.h">
			<Filter>addons\ofxGui\src</Filter>
		</ClInclude>
		<ClInclude Include="..\..\..\addons\ofxGui\src\ofxGui.h">
			<Filter>addons\ofxGui\src</Filter>
		</ClInclude>
		<ClInclude Include="..\..\..\addons\ofxGui\src\ofxGuiGroup.h">
			<Filter>addons\ofxGui\src</Filter>
		</ClInclude>
		<ClInclude Include="..\..\..\addons\ofxGui\src\ofxLabel.h">
			<Filter>addons\ofxGui\src</Filter>
		</ClInclude>
		<ClInclude Include="..\..\..\addons\ofxGui\src\ofxPanel.h">
			<Filter>addons\ofxGui\src</Filter>
		</ClInclude>
		<ClInclude Include="..\..\..\addons\ofxGui\src\ofxSlider.h">
			<Filter>addons\ofxGui\src</Filter>
		</ClInclude>
		<ClInclude Include="..\..\..\addons\ofxGui\src\ofxSliderGroup.h">
			<Filter>addons\ofxGui\src</Filter>
		</ClInclude>
		<ClInclude Include="..\..\..\addons\ofxGui\src\ofxToggle.h">
			<Filter>addons\ofxGui\src</Filter>
		</ClInclude>
		<ClInclude Include="..\..\..\addons\ofxXmlSettings\src\ofxXmlSettings.h">
			<Filter>addons\ofxXmlSettings\src</Filter>
		</ClInclude>
		<ClInclude Include="..\..\..\addons\ofxXmlSettings\libs\tinyxml.h">
			<Filter>addons\ofxXmlSettings\libs</Filter>
		</ClInclude>
	</ItemGroup>
	<ItemGroup>
		<ResourceCompile Include="icon.rc" />
	</ItemGroup>
</Project>
